
Microsoft Visual Studio Solution File, Format Version 12.00
# Visual Studio Version 16
VisualStudioVersion = 16.0.30204.135
MinimumVisualStudioVersion = 10.0.40219.1
Project("{FAE04EC0-301F-11D3-BF4B-00C04F79EFBC}") = "SalesWebMVC_ProjectCourse", "SalesWebMVC_ProjectCourse\SalesWebMVC_ProjectCourse.csproj", "{44EDE05D-220B-4B73-85F9-C2F5F48328ED}"
EndProject
Global
	GlobalSection(SolutionConfigurationPlatforms) = preSolution
		Debug|Any CPU = Debug|Any CPU
		Release|Any CPU = Release|Any CPU
	EndGlobalSection
	GlobalSection(ProjectConfigurationPlatforms) = postSolution
		{44EDE05D-220B-4B73-85F9-C2F5F48328ED}.Debug|Any CPU.ActiveCfg = Debug|Any CPU
		{44EDE05D-220B-4B73-85F9-C2F5F48328ED}.Debug|Any CPU.Build.0 = Debug|Any CPU
		{44EDE05D-220B-4B73-85F9-C2F5F48328ED}.Release|Any CPU.ActiveCfg = Release|Any CPU
		{44EDE05D-220B-4B73-85F9-C2F5F48328ED}.Release|Any CPU.Build.0 = Release|Any CPU
	EndGlobalSection
	GlobalSection(SolutionProperties) = preSolution
		HideSolutionNode = FALSE
	EndGlobalSection
	GlobalSection(ExtensibilityGlobals) = postSolution
		SolutionGuid = {8BEBB90B-C44E-48D7-BEE2-0540AC47335E}
	EndGlobalSection
EndGlobal
